{
  "name": "test",
  "lockfileVersion": 3,
  "requires": true,
  "packages": {
    "": {
      "dependencies": {
        "sass-mq": "^7.0.1"
      }
    },
    "node_modules/sass-mq": {
      "version": "7.0.1",
      "resolved": "https://registry.npmjs.org/sass-mq/-/sass-mq-7.0.1.tgz",
      "integrity": "sha512-0+3J4oP67kpT4cABglogmG8M5ksF64FnSN5xSYAnGawGKQb1n0rclClX8OJql5+0KNWFNHcFG5ExgR5u2YODdw==",
      "license": "MIT"
    }
  }
}
